
Microsoft Visual Studio Solution File, Format Version 12.00
# Visual Studio 15
VisualStudioVersion = 15.0.27703.2018
MinimumVisualStudioVersion = 10.0.40219.1
Project("{FAE04EC0-301F-11D3-BF4B-00C04F79EFBC}") = "GamesResnt", "WebApplication1\GamesResnt.csproj", "{14368A70-62A6-47A2-9663-76CEF8C73CDE}"
EndProject
Global
	GlobalSection(SolutionConfigurationPlatforms) = preSolution
		Debug|Any CPU = Debug|Any CPU
		Release|Any CPU = Release|Any CPU
	EndGlobalSection
	GlobalSection(ProjectConfigurationPlatforms) = postSolution
		{14368A70-62A6-47A2-9663-76CEF8C73CDE}.Debug|Any CPU.ActiveCfg = Debug|Any CPU
		{14368A70-62A6-47A2-9663-76CEF8C73CDE}.Debug|Any CPU.Build.0 = Debug|Any CPU
		{14368A70-62A6-47A2-9663-76CEF8C73CDE}.Release|Any CPU.ActiveCfg = Release|Any CPU
		{14368A70-62A6-47A2-9663-76CEF8C73CDE}.Release|Any CPU.Build.0 = Release|Any CPU
	EndGlobalSection
	GlobalSection(SolutionProperties) = preSolution
		HideSolutionNode = FALSE
	EndGlobalSection
	GlobalSection(ExtensibilityGlobals) = postSolution
		SolutionGuid = {4A36FEA6-3101-4839-A59A-A0C6AE2292B8}
	EndGlobalSection
EndGlobal
